{
  "name": "vpn-management",
  "lockfileVersion": 3,
  "requires": true,
  "packages": {
    "": {
      "dependencies": {
        "node-os-utils": "^2.0.3"
      }
    },
    "node_modules/node-os-utils": {
      "version": "2.0.3",
      "resolved": "https://registry.npmjs.org/node-os-utils/-/node-os-utils-2.0.3.tgz",
      "integrity": "sha512-NqItOJn+5355jYz/fYfs4PrMNTbKNG01ILws0rZhEZ3by3a0Kg9hGmzTqVOZnXsh9uww+AHUc4d6A1jEHR6u8g==",
      "license": "MIT",
      "engines": {
        "node": ">=18.0.0"
      }
    }
  }
}
